
Microsoft Visual Studio Solution File, Format Version 12.00
# Visual Studio 15
VisualStudioVersion = 15.0.28307.136
MinimumVisualStudioVersion = 10.0.40219.1
Project("{9A19103F-16F7-4668-BE54-9A1E7A4F7556}") = "Condensate_API", "Condensate_API\Condensate_API.csproj", "{83ED3BA8-6471-4B0A-A6BA-C016D5BEDA13}"
EndProject
Project("{FAE04EC0-301F-11D3-BF4B-00C04F79EFBC}") = "XUnitTests", "XUnitTests\XUnitTests.csproj", "{16D4A043-A67A-4C21-9F55-52B551419B18}"
EndProject
Global
	GlobalSection(SolutionConfigurationPlatforms) = preSolution
		Debug|Any CPU = Debug|Any CPU
		Release|Any CPU = Release|Any CPU
	EndGlobalSection
	GlobalSection(ProjectConfigurationPlatforms) = postSolution
		{83ED3BA8-6471-4B0A-A6BA-C016D5BEDA13}.Debug|Any CPU.ActiveCfg = Debug|Any CPU
		{83ED3BA8-6471-4B0A-A6BA-C016D5BEDA13}.Debug|Any CPU.Build.0 = Debug|Any CPU
		{83ED3BA8-6471-4B0A-A6BA-C016D5BEDA13}.Release|Any CPU.ActiveCfg = Release|Any CPU
		{83ED3BA8-6471-4B0A-A6BA-C016D5BEDA13}.Release|Any CPU.Build.0 = Release|Any CPU
		{16D4A043-A67A-4C21-9F55-52B551419B18}.Debug|Any CPU.ActiveCfg = Debug|Any CPU
		{16D4A043-A67A-4C21-9F55-52B551419B18}.Debug|Any CPU.Build.0 = Debug|Any CPU
		{16D4A043-A67A-4C21-9F55-52B551419B18}.Release|Any CPU.ActiveCfg = Release|Any CPU
		{16D4A043-A67A-4C21-9F55-52B551419B18}.Release|Any CPU.Build.0 = Release|Any CPU
	EndGlobalSection
	GlobalSection(SolutionProperties) = preSolution
		HideSolutionNode = FALSE
	EndGlobalSection
	GlobalSection(ExtensibilityGlobals) = postSolution
		SolutionGuid = {471E3DDA-4136-40D6-9638-C73D7DD6371D}
	EndGlobalSection
EndGlobal
